
Microsoft Visual Studio Solution File, Format Version 12.00
# Visual Studio Version 17
VisualStudioVersion = 17.5.002.0
MinimumVisualStudioVersion = 10.0.40219.1
Project("{9A19103F-16F7-4668-BE54-9A1E7A4F7556}") = "WebApi-GreenReward", "WebApi-GreenReward\WebApi-GreenReward.csproj", "{1F774647-5903-46BF-881C-186D19024973}"
EndProject
Global
	GlobalSection(SolutionConfigurationPlatforms) = preSolution
		Debug|Any CPU = Debug|Any CPU
		Release|Any CPU = Release|Any CPU
	EndGlobalSection
	GlobalSection(ProjectConfigurationPlatforms) = postSolution
		{1F774647-5903-46BF-881C-186D19024973}.Debug|Any CPU.ActiveCfg = Debug|Any CPU
		{1F774647-5903-46BF-881C-186D19024973}.Debug|Any CPU.Build.0 = Debug|Any CPU
		{1F774647-5903-46BF-881C-186D19024973}.Release|Any CPU.ActiveCfg = Release|Any CPU
		{1F774647-5903-46BF-881C-186D19024973}.Release|Any CPU.Build.0 = Release|Any CPU
	EndGlobalSection
	GlobalSection(SolutionProperties) = preSolution
		HideSolutionNode = FALSE
	EndGlobalSection
	GlobalSection(ExtensibilityGlobals) = postSolution
		SolutionGuid = {99493A8A-E8AD-49DF-8388-F7C240B68375}
	EndGlobalSection
EndGlobal
